
Microsoft Visual Studio Solution File, Format Version 12.00
# Visual Studio 15
VisualStudioVersion = 15.0.27130.2027
MinimumVisualStudioVersion = 10.0.40219.1
Project("{FAE04EC0-301F-11D3-BF4B-00C04F79EFBC}") = "PrestaMe.Windows", "Sources\User Interface\Windows\PrestaMe.Windows\PrestaMe.Windows.csproj", "{1F354064-DC4D-4C63-8685-082EB090A577}"
EndProject
Project("{FAE04EC0-301F-11D3-BF4B-00C04F79EFBC}") = "PrestaMe.Layers", "Sources\Layers\PrestaMe.Layers.csproj", "{7F5B5B94-4BFB-44BD-83B0-15BB7C4833A8}"
EndProject
Project("{2150E333-8FDC-42A3-9474-1A3956D46DE8}") = "Layers", "Layers", "{2047FC4A-24CC-4BDE-A556-632A361A04EA}"
EndProject
Project("{2150E333-8FDC-42A3-9474-1A3956D46DE8}") = "User Interfaces", "User Interfaces", "{296BAF00-771C-49BC-B8FC-CCAA26C7DDAC}"
EndProject
Project("{2150E333-8FDC-42A3-9474-1A3956D46DE8}") = "Windows", "Windows", "{A8D6F926-C3A4-4064-A315-2A75B4D1A36A}"
EndProject
Project("{2150E333-8FDC-42A3-9474-1A3956D46DE8}") = "Web", "Web", "{3C980B2A-B658-4F8E-B0C4-F1112A04AB56}"
EndProject
Project("{2150E333-8FDC-42A3-9474-1A3956D46DE8}") = "Mobile", "Mobile", "{9C7054AF-2850-42A2-98B8-9A9ECEDA7FA1}"
EndProject
Project("{2150E333-8FDC-42A3-9474-1A3956D46DE8}") = "Console", "Console", "{E8715776-54A5-4F02-9A2F-298CEEF352CA}"
EndProject
Project("{2150E333-8FDC-42A3-9474-1A3956D46DE8}") = "WCF", "WCF", "{21BB608C-8794-4FC2-A3B7-2788FAE917AA}"
EndProject
Project("{2150E333-8FDC-42A3-9474-1A3956D46DE8}") = "WPF", "WPF", "{16400148-7E2E-4B26-9EFE-4ECDC8AEC575}"
EndProject
Global
	GlobalSection(SolutionConfigurationPlatforms) = preSolution
		Debug|Any CPU = Debug|Any CPU
		Release|Any CPU = Release|Any CPU
	EndGlobalSection
	GlobalSection(ProjectConfigurationPlatforms) = postSolution
		{1F354064-DC4D-4C63-8685-082EB090A577}.Debug|Any CPU.ActiveCfg = Debug|Any CPU
		{1F354064-DC4D-4C63-8685-082EB090A577}.Debug|Any CPU.Build.0 = Debug|Any CPU
		{1F354064-DC4D-4C63-8685-082EB090A577}.Release|Any CPU.ActiveCfg = Release|Any CPU
		{1F354064-DC4D-4C63-8685-082EB090A577}.Release|Any CPU.Build.0 = Release|Any CPU
		{7F5B5B94-4BFB-44BD-83B0-15BB7C4833A8}.Debug|Any CPU.ActiveCfg = Debug|Any CPU
		{7F5B5B94-4BFB-44BD-83B0-15BB7C4833A8}.Debug|Any CPU.Build.0 = Debug|Any CPU
		{7F5B5B94-4BFB-44BD-83B0-15BB7C4833A8}.Release|Any CPU.ActiveCfg = Release|Any CPU
		{7F5B5B94-4BFB-44BD-83B0-15BB7C4833A8}.Release|Any CPU.Build.0 = Release|Any CPU
	EndGlobalSection
	GlobalSection(SolutionProperties) = preSolution
		HideSolutionNode = FALSE
	EndGlobalSection
	GlobalSection(NestedProjects) = preSolution
		{1F354064-DC4D-4C63-8685-082EB090A577} = {A8D6F926-C3A4-4064-A315-2A75B4D1A36A}
		{7F5B5B94-4BFB-44BD-83B0-15BB7C4833A8} = {2047FC4A-24CC-4BDE-A556-632A361A04EA}
		{A8D6F926-C3A4-4064-A315-2A75B4D1A36A} = {296BAF00-771C-49BC-B8FC-CCAA26C7DDAC}
		{3C980B2A-B658-4F8E-B0C4-F1112A04AB56} = {296BAF00-771C-49BC-B8FC-CCAA26C7DDAC}
		{9C7054AF-2850-42A2-98B8-9A9ECEDA7FA1} = {296BAF00-771C-49BC-B8FC-CCAA26C7DDAC}
		{E8715776-54A5-4F02-9A2F-298CEEF352CA} = {296BAF00-771C-49BC-B8FC-CCAA26C7DDAC}
		{21BB608C-8794-4FC2-A3B7-2788FAE917AA} = {296BAF00-771C-49BC-B8FC-CCAA26C7DDAC}
		{16400148-7E2E-4B26-9EFE-4ECDC8AEC575} = {296BAF00-771C-49BC-B8FC-CCAA26C7DDAC}
	EndGlobalSection
	GlobalSection(ExtensibilityGlobals) = postSolution
		SolutionGuid = {3F85566D-07F0-4B81-AFAA-6824E81C443B}
	EndGlobalSection
EndGlobal
